# THIS IS AN AUTOGENERATED FILE. DO NOT EDIT THIS FILE DIRECTLY.
# yarn lockfile v1


"@esbuild-plugins/node-globals-polyfill@^0.2.3":
  version "0.2.3"
  resolved "https://registry.npmjs.org/@esbuild-plugins/node-globals-polyfill/-/node-globals-polyfill-0.2.3.tgz"
  integrity sha512-r3MIryXDeXDOZh7ih1l/yE9ZLORCd5e8vWg02azWRGj5SPTuoh69A2AIyn0Z31V/kHBfZ4HgWJ+OK3GTTwLmnw==

"@esbuild/darwin-arm64@0.25.0":
  version "0.25.0"
  resolved "https://registry.npmjs.org/@esbuild/darwin-arm64/-/darwin-arm64-0.25.0.tgz"
  integrity sha512-mVwdUb5SRkPayVadIOI78K7aAnPamoeFR2bT5nszFUZ9P8UpK4ratOdYbZZXYSqPKMHfS1wdHCJk1P1EZpRdvw==

"@jridgewell/sourcemap-codec@^1.5.0":
  version "1.5.0"
  resolved "https://registry.npmjs.org/@jridgewell/sourcemap-codec/-/sourcemap-codec-1.5.0.tgz"
  integrity sha512-gv3ZRaISU3fjPAgNsriBRqGWQL6quFx04YMPW/zD8XMLsU32mhCCbfbO6KZFLjvYpCZ8zyDEgqsgf+PwPaM7GQ==

"@kurkle/color@^0.3.0":
  version "0.3.4"
  resolved "https://registry.npmjs.org/@kurkle/color/-/color-0.3.4.tgz"
  integrity sha512-M5UknZPHRu3DEDWoipU6sE8PdkZ6Z/S+v4dD+Ke8IaNlpdSQah50lz1KtcFBa2vsdOnwbbnxJwVM4wty6udA5w==

"@noble/curves@^1.0.0", "@noble/curves@~1.8.1":
  version "1.8.1"
  resolved "https://registry.npmjs.org/@noble/curves/-/curves-1.8.1.tgz"
  integrity sha512-warwspo+UYUPep0Q+vtdVB4Ugn8GGQj8iyB3gnRWsztmUHTI3S1nhdiWNsPUGL0vud7JlRRk1XEu7Lq1KGTnMQ==
  dependencies:
    "@noble/hashes" "1.7.1"

"@noble/hashes@^1.0.0", "@noble/hashes@~1.7.1", "@noble/hashes@1.7.1":
  version "1.7.1"
  resolved "https://registry.npmjs.org/@noble/hashes/-/hashes-1.7.1.tgz"
  integrity sha512-B8XBPsn4vT/KJAGqDzbwztd+6Yte3P4V7iafm24bxgDe/mlRuK6xmWPuCNrKt2vDafZ8MfJLlchDG/vYafQEjQ==

"@rollup/plugin-inject@^5.0.1":
  version "5.0.5"
  resolved "https://registry.npmjs.org/@rollup/plugin-inject/-/plugin-inject-5.0.5.tgz"
  integrity sha512-2+DEJbNBoPROPkgTDNe8/1YXWcqxbN5DTjASVIOx8HS+pITXushyNiBV56RB08zuptzz8gT3YfkqriTBVycepg==
  dependencies:
    "@rollup/pluginutils" "^5.0.1"
    estree-walker "^2.0.2"
    magic-string "^0.30.3"

"@rollup/pluginutils@^5.0.1":
  version "5.1.4"
  resolved "https://registry.npmjs.org/@rollup/pluginutils/-/pluginutils-5.1.4.tgz"
  integrity sha512-USm05zrsFxYLPdWWq+K3STlWiT/3ELn3RcV5hJMghpeAIhxfsUIg6mt12CBJBInWMV4VneoV7SfGv8xIwo2qNQ==
  dependencies:
    "@types/estree" "^1.0.0"
    estree-walker "^2.0.2"
    picomatch "^4.0.2"

"@rollup/rollup-darwin-arm64@4.34.9":
  version "4.34.9"
  resolved "https://registry.npmjs.org/@rollup/rollup-darwin-arm64/-/rollup-darwin-arm64-4.34.9.tgz"
  integrity sha512-0CY3/K54slrzLDjOA7TOjN1NuLKERBgk9nY5V34mhmuu673YNb+7ghaDUs6N0ujXR7fz5XaS5Aa6d2TNxZd0OQ==

"@scure/base@^1.1.3", "@scure/base@~1.2.2", "@scure/base@~1.2.4":
  version "1.2.4"
  resolved "https://registry.npmjs.org/@scure/base/-/base-1.2.4.tgz"
  integrity sha512-5Yy9czTO47mqz+/J8GM6GIId4umdCk1wc1q8rKERQulIoc8VP9pzDcghv10Tl2E7R96ZUx/PhND3ESYUQX8NuQ==

"@scure/bip32@^1.3.1":
  version "1.6.2"
  resolved "https://registry.npmjs.org/@scure/bip32/-/bip32-1.6.2.tgz"
  integrity sha512-t96EPDMbtGgtb7onKKqxRLfE5g05k7uHnHRM2xdE6BP/ZmxaLtPek4J4KfVn/90IQNrU1IOAqMgiDtUdtbe3nw==
  dependencies:
    "@noble/curves" "~1.8.1"
    "@noble/hashes" "~1.7.1"
    "@scure/base" "~1.2.2"

"@scure/bip39@^1.2.1":
  version "1.5.4"
  resolved "https://registry.npmjs.org/@scure/bip39/-/bip39-1.5.4.tgz"
  integrity sha512-TFM4ni0vKvCfBpohoh+/lY05i9gRbSwXWngAsF4CABQxoaOHijxuaZ2R6cStDQ5CHtHO9aGJTr4ksVJASRRyMA==
  dependencies:
    "@noble/hashes" "~1.7.1"
    "@scure/base" "~1.2.4"

"@types/estree@^1.0.0", "@types/estree@1.0.6":
  version "1.0.6"
  resolved "https://registry.npmjs.org/@types/estree/-/estree-1.0.6.tgz"
  integrity sha512-AYnb1nQyY49te+VRAVgmzfcgjYS91mY5P0TKUDCLEM+gNnA+3T6rWITXRLYCpahpqSQbN5cE+gHpnPyXjHWxcw==

"@xrplf/isomorphic@^1.0.0", "@xrplf/isomorphic@^1.0.1":
  version "1.0.1"
  resolved "https://registry.npmjs.org/@xrplf/isomorphic/-/isomorphic-1.0.1.tgz"
  integrity sha512-0bIpgx8PDjYdrLFeC3csF305QQ1L7sxaWnL5y71mCvhenZzJgku9QsA+9QCXBC1eNYtxWO/xR91zrXJy2T/ixg==
  dependencies:
    "@noble/hashes" "^1.0.0"
    eventemitter3 "5.0.1"
    ws "^8.13.0"

"@xrplf/secret-numbers@^1.0.0":
  version "1.0.0"
  resolved "https://registry.npmjs.org/@xrplf/secret-numbers/-/secret-numbers-1.0.0.tgz"
  integrity sha512-qsCLGyqe1zaq9j7PZJopK+iGTGRbk6akkg6iZXJJgxKwck0C5x5Gnwlb1HKYGOwPKyrXWpV6a2YmcpNpUFctGg==
  dependencies:
    "@xrplf/isomorphic" "^1.0.0"
    ripple-keypairs "^2.0.0"

asn1.js@^4.10.1, asn1.js@^4.9.0:
  version "4.10.1"
  resolved "https://registry.npmjs.org/asn1.js/-/asn1.js-4.10.1.tgz"
  integrity sha512-p32cOF5q0Zqs9uBiONKYLm6BClCoBCM5O9JfeUSlnQLBTxYdTK+pW+nXflm8UkKd2UYlEbYz5qEi0JuZR9ckSw==
  dependencies:
    bn.js "^4.0.0"
    inherits "^2.0.1"
    minimalistic-assert "^1.0.0"

bignumber.js@^9.0.0:
  version "9.1.2"
  resolved "https://registry.npmjs.org/bignumber.js/-/bignumber.js-9.1.2.tgz"
  integrity sha512-2/mKyZH9K85bzOEfhXDBFZTGd1CTs+5IHpeFQo9luiBG7hghdC851Pj2WAhb6E3R6b9tZj/XKhbg4fum+Kepug==

bn.js@^4.0.0:
  version "4.12.1"
  resolved "https://registry.npmjs.org/bn.js/-/bn.js-4.12.1.tgz"
  integrity sha512-k8TVBiPkPJT9uHLdOKfFpqcfprwBFOAAXXozRubr7R7PfIuKvQlzcI4M0pALeqXN09vdaMbUdUj+pass+uULAg==

bn.js@^4.1.0:
  version "4.12.1"
  resolved "https://registry.npmjs.org/bn.js/-/bn.js-4.12.1.tgz"
  integrity sha512-k8TVBiPkPJT9uHLdOKfFpqcfprwBFOAAXXozRubr7R7PfIuKvQlzcI4M0pALeqXN09vdaMbUdUj+pass+uULAg==

bn.js@^4.11.9:
  version "4.12.1"
  resolved "https://registry.npmjs.org/bn.js/-/bn.js-4.12.1.tgz"
  integrity sha512-k8TVBiPkPJT9uHLdOKfFpqcfprwBFOAAXXozRubr7R7PfIuKvQlzcI4M0pALeqXN09vdaMbUdUj+pass+uULAg==

bn.js@^5.2.1:
  version "5.2.1"
  resolved "https://registry.npmjs.org/bn.js/-/bn.js-5.2.1.tgz"
  integrity sha512-eXRvHzWyYPBuB4NBy0cmYQjGitUrtqwbvlzP3G6VFnNRbsZQIxQ10PbKKHt8gZ/HW/D/747aDl+QkDqg3KQLMQ==

brorand@^1.0.1, brorand@^1.1.0:
  version "1.1.0"
  resolved "https://registry.npmjs.org/brorand/-/brorand-1.1.0.tgz"
  integrity sha512-cKV8tMCEpQs4hK/ik71d6LrPOnpkpGBR0wzxqr68g2m/LB2GxVYQroAjMJZRVM1Y4BCjCKc3vAamxSzOY2RP+w==

browserify-aes@^1.0.4, browserify-aes@^1.2.0:
  version "1.2.0"
  resolved "https://registry.npmjs.org/browserify-aes/-/browserify-aes-1.2.0.tgz"
  integrity sha512-+7CHXqGuspUn/Sl5aO7Ea0xWGAtETPXNSAjHo48JfLdPWcMng33Xe4znFvQweqc/uzk5zSOI3H52CYnjCfb5hA==
  dependencies:
    buffer-xor "^1.0.3"
    cipher-base "^1.0.0"
    create-hash "^1.1.0"
    evp_bytestokey "^1.0.3"
    inherits "^2.0.1"
    safe-buffer "^5.0.1"

browserify-cipher@^1.0.1:
  version "1.0.1"
  resolved "https://registry.npmjs.org/browserify-cipher/-/browserify-cipher-1.0.1.tgz"
  integrity sha512-sPhkz0ARKbf4rRQt2hTpAHqn47X3llLkUGn+xEJzLjwY8LRs2p0v7ljvI5EyoRO/mexrNunNECisZs+gw2zz1w==
  dependencies:
    browserify-aes "^1.0.4"
    browserify-des "^1.0.0"
    evp_bytestokey "^1.0.0"

browserify-des@^1.0.0:
  version "1.0.2"
  resolved "https://registry.npmjs.org/browserify-des/-/browserify-des-1.0.2.tgz"
  integrity sha512-BioO1xf3hFwz4kc6iBhI3ieDFompMhrMlnDFC4/0/vd5MokpuAc3R+LYbwTA9A5Yc9pq9UYPqffKpW2ObuwX5A==
  dependencies:
    cipher-base "^1.0.1"
    des.js "^1.0.0"
    inherits "^2.0.1"
    safe-buffer "^5.1.2"

browserify-rsa@^4.0.0, browserify-rsa@^4.1.0:
  version "4.1.1"
  resolved "https://registry.npmjs.org/browserify-rsa/-/browserify-rsa-4.1.1.tgz"
  integrity sha512-YBjSAiTqM04ZVei6sXighu679a3SqWORA3qZTEqZImnlkDIFtKc6pNutpjyZ8RJTjQtuYfeetkxM11GwoYXMIQ==
  dependencies:
    bn.js "^5.2.1"
    randombytes "^2.1.0"
    safe-buffer "^5.2.1"

browserify-sign@^4.2.3:
  version "4.2.3"
  resolved "https://registry.npmjs.org/browserify-sign/-/browserify-sign-4.2.3.tgz"
  integrity sha512-JWCZW6SKhfhjJxO8Tyiiy+XYB7cqd2S5/+WeYHsKdNKFlCBhKbblba1A/HN/90YwtxKc8tCErjffZl++UNmGiw==
  dependencies:
    bn.js "^5.2.1"
    browserify-rsa "^4.1.0"
    create-hash "^1.2.0"
    create-hmac "^1.1.7"
    elliptic "^6.5.5"
    hash-base "~3.0"
    inherits "^2.0.4"
    parse-asn1 "^5.1.7"
    readable-stream "^2.3.8"
    safe-buffer "^5.2.1"

buffer-xor@^1.0.3:
  version "1.0.3"
  resolved "https://registry.npmjs.org/buffer-xor/-/buffer-xor-1.0.3.tgz"
  integrity sha512-571s0T7nZWK6vB67HI5dyUF7wXiNcfaPPPTl6zYCNApANjIvYJTg7hlud/+cJpdAhS7dVzqMLmfhfHR3rAcOjQ==

builtin-status-codes@^3.0.0:
  version "3.0.0"
  resolved "https://registry.npmjs.org/builtin-status-codes/-/builtin-status-codes-3.0.0.tgz"
  integrity sha512-HpGFw18DgFWlncDfjTa2rcQ4W88O1mC8e8yZ2AvQY5KDaktSTwo+KRf6nHK6FRI5FyRyb/5T6+TSxfP7QyGsmQ==

chart.js@^4.4.8:
  version "4.4.8"
  resolved "https://registry.npmjs.org/chart.js/-/chart.js-4.4.8.tgz"
  integrity sha512-IkGZlVpXP+83QpMm4uxEiGqSI7jFizwVtF3+n5Pc3k7sMO+tkd0qxh2OzLhenM0K80xtmAONWGBn082EiBQSDA==
  dependencies:
    "@kurkle/color" "^0.3.0"

cipher-base@^1.0.0, cipher-base@^1.0.1, cipher-base@^1.0.3:
  version "1.0.6"
  resolved "https://registry.npmjs.org/cipher-base/-/cipher-base-1.0.6.tgz"
  integrity sha512-3Ek9H3X6pj5TgenXYtNWdaBon1tgYCaebd+XPg0keyjEbEfkD4KkmAxkQ/i1vYvxdcT5nscLBfq9VJRmCBcFSw==
  dependencies:
    inherits "^2.0.4"
    safe-buffer "^5.2.1"

core-util-is@~1.0.0:
  version "1.0.3"
  resolved "https://registry.npmjs.org/core-util-is/-/core-util-is-1.0.3.tgz"
  integrity sha512-ZQBvi1DcpJ4GDqanjucZ2Hj3wEO5pZDS89BWbkcrvdxksJorwUDDZamX9ldFkp9aw2lmBDLgkObEA4DWNJ9FYQ==

create-ecdh@^4.0.4:
  version "4.0.4"
  resolved "https://registry.npmjs.org/create-ecdh/-/create-ecdh-4.0.4.tgz"
  integrity sha512-mf+TCx8wWc9VpuxfP2ht0iSISLZnt0JgWlrOKZiNqyUZWnjIaCIVNQArMHnCZKfEYRg6IM7A+NeJoN8gf/Ws0A==
  dependencies:
    bn.js "^4.1.0"
    elliptic "^6.5.3"

create-hash@^1.1.0, create-hash@^1.1.2, create-hash@^1.2.0:
  version "1.2.0"
  resolved "https://registry.npmjs.org/create-hash/-/create-hash-1.2.0.tgz"
  integrity sha512-z00bCGNHDG8mHAkP7CtT1qVu+bFQUPjYq/4Iv3C3kWjTFV10zIjfSoeqXo9Asws8gwSHDGj/hl2u4OGIjapeCg==
  dependencies:
    cipher-base "^1.0.1"
    inherits "^2.0.1"
    md5.js "^1.3.4"
    ripemd160 "^2.0.1"
    sha.js "^2.4.0"

create-hmac@^1.1.4, create-hmac@^1.1.7:
  version "1.1.7"
  resolved "https://registry.npmjs.org/create-hmac/-/create-hmac-1.1.7.tgz"
  integrity sha512-MJG9liiZ+ogc4TzUwuvbER1JRdgvUFSB5+VR/g5h82fGaIRWMWddtKBHi7/sVhfjQZ6SehlyhvQYrcYkaUIpLg==
  dependencies:
    cipher-base "^1.0.3"
    create-hash "^1.1.0"
    inherits "^2.0.1"
    ripemd160 "^2.0.0"
    safe-buffer "^5.0.1"
    sha.js "^2.4.8"

crypto-browserify@^3.12.0:
  version "3.12.1"
  resolved "https://registry.npmjs.org/crypto-browserify/-/crypto-browserify-3.12.1.tgz"
  integrity sha512-r4ESw/IlusD17lgQi1O20Fa3qNnsckR126TdUuBgAu7GBYSIPvdNyONd3Zrxh0xCwA4+6w/TDArBPsMvhur+KQ==
  dependencies:
    browserify-cipher "^1.0.1"
    browserify-sign "^4.2.3"
    create-ecdh "^4.0.4"
    create-hash "^1.2.0"
    create-hmac "^1.1.7"
    diffie-hellman "^5.0.3"
    hash-base "~3.0.4"
    inherits "^2.0.4"
    pbkdf2 "^3.1.2"
    public-encrypt "^4.0.3"
    randombytes "^2.1.0"
    randomfill "^1.0.4"

dayjs@^1.11.10:
  version "1.11.13"
  resolved "https://registry.npmjs.org/dayjs/-/dayjs-1.11.13.tgz"
  integrity sha512-oaMBel6gjolK862uaPQOVTA7q3TZhuSvuMQAAglQDOWYO9A91IrAOUJEyKVlqJlHE0vq5p5UXxzdPfMH/x6xNg==

des.js@^1.0.0:
  version "1.1.0"
  resolved "https://registry.npmjs.org/des.js/-/des.js-1.1.0.tgz"
  integrity sha512-r17GxjhUCjSRy8aiJpr8/UadFIzMzJGexI3Nmz4ADi9LYSFx4gTBp80+NaX/YsXWWLhpZ7v/v/ubEc/bCNfKwg==
  dependencies:
    inherits "^2.0.1"
    minimalistic-assert "^1.0.0"

diffie-hellman@^5.0.3:
  version "5.0.3"
  resolved "https://registry.npmjs.org/diffie-hellman/-/diffie-hellman-5.0.3.tgz"
  integrity sha512-kqag/Nl+f3GwyK25fhUMYj81BUOrZ9IuJsjIcDE5icNM9FJHAVm3VcUDxdLPoQtTuUylWm6ZIknYJwwaPxsUzg==
  dependencies:
    bn.js "^4.1.0"
    miller-rabin "^4.0.0"
    randombytes "^2.0.0"

dotenv@^16.0.3:
  version "16.4.7"
  resolved "https://registry.npmjs.org/dotenv/-/dotenv-16.4.7.tgz"
  integrity sha512-47qPchRCykZC03FhkYAhrvwU4xDBFIj1QPqaarj6mdM/hgUzfPHcpkHJOn3mJAufFeeAxAzeGsr5X0M4k6fLZQ==

elliptic@^6.5.3, elliptic@^6.5.5:
  version "6.6.1"
  resolved "https://registry.npmjs.org/elliptic/-/elliptic-6.6.1.tgz"
  integrity sha512-RaddvvMatK2LJHqFJ+YA4WysVN5Ita9E35botqIYspQ4TkRAlCicdzKOjlyv/1Za5RyTNn7di//eEV0uTAfe3g==
  dependencies:
    bn.js "^4.11.9"
    brorand "^1.1.0"
    hash.js "^1.0.0"
    hmac-drbg "^1.0.1"
    inherits "^2.0.4"
    minimalistic-assert "^1.0.1"
    minimalistic-crypto-utils "^1.0.1"

esbuild@*, esbuild@^0.25.0:
  version "0.25.0"
  resolved "https://registry.npmjs.org/esbuild/-/esbuild-0.25.0.tgz"
  integrity sha512-BXq5mqc8ltbaN34cDqWuYKyNhX8D/Z0J1xdtdQ8UcIIIyJyz+ZMKUt58tF3SrZ85jcfN/PZYhjR5uDQAYNVbuw==
  optionalDependencies:
    "@esbuild/aix-ppc64" "0.25.0"
    "@esbuild/android-arm" "0.25.0"
    "@esbuild/android-arm64" "0.25.0"
    "@esbuild/android-x64" "0.25.0"
    "@esbuild/darwin-arm64" "0.25.0"
    "@esbuild/darwin-x64" "0.25.0"
    "@esbuild/freebsd-arm64" "0.25.0"
    "@esbuild/freebsd-x64" "0.25.0"
    "@esbuild/linux-arm" "0.25.0"
    "@esbuild/linux-arm64" "0.25.0"
    "@esbuild/linux-ia32" "0.25.0"
    "@esbuild/linux-loong64" "0.25.0"
    "@esbuild/linux-mips64el" "0.25.0"
    "@esbuild/linux-ppc64" "0.25.0"
    "@esbuild/linux-riscv64" "0.25.0"
    "@esbuild/linux-s390x" "0.25.0"
    "@esbuild/linux-x64" "0.25.0"
    "@esbuild/netbsd-arm64" "0.25.0"
    "@esbuild/netbsd-x64" "0.25.0"
    "@esbuild/openbsd-arm64" "0.25.0"
    "@esbuild/openbsd-x64" "0.25.0"
    "@esbuild/sunos-x64" "0.25.0"
    "@esbuild/win32-arm64" "0.25.0"
    "@esbuild/win32-ia32" "0.25.0"
    "@esbuild/win32-x64" "0.25.0"

estree-walker@^2.0.2:
  version "2.0.2"
  resolved "https://registry.npmjs.org/estree-walker/-/estree-walker-2.0.2.tgz"
  integrity sha512-Rfkk/Mp/DL7JVje3u18FxFujQlTNR2q6QfMSMB7AvCBx91NGj/ba3kCfza0f6dVDbw7YlRf/nDrn7pQrCCyQ/w==

eventemitter3@^5.0.1, eventemitter3@5.0.1:
  version "5.0.1"
  resolved "https://registry.npmjs.org/eventemitter3/-/eventemitter3-5.0.1.tgz"
  integrity sha512-GWkBvjiSZK87ELrYOSESUYeVIc9mvLLf/nXalMOS5dYrgZq9o5OVkbZAVM06CVxYsCwH9BDZFPlQTlPA1j4ahA==

events@^3.3.0:
  version "3.3.0"
  resolved "https://registry.npmjs.org/events/-/events-3.3.0.tgz"
  integrity sha512-mQw+2fkQbALzQ7V0MY0IqdnXNOeTtP4r0lN9z7AAawCXgqea7bDii20AYrIBrFd/Hx0M2Ocz6S111CaFkUcb0Q==

evp_bytestokey@^1.0.0, evp_bytestokey@^1.0.3:
  version "1.0.3"
  resolved "https://registry.npmjs.org/evp_bytestokey/-/evp_bytestokey-1.0.3.tgz"
  integrity sha512-/f2Go4TognH/KvCISP7OUsHn85hT9nUkxxA9BEWxFn+Oj9o8ZNLm/40hdlgSLyuOimsrTKLUMEorQexp/aPQeA==
  dependencies:
    md5.js "^1.3.4"
    safe-buffer "^5.1.1"

five-bells-condition@^5.0.1:
  version "5.0.1"
  resolved "https://registry.npmjs.org/five-bells-condition/-/five-bells-condition-5.0.1.tgz"
  integrity sha512-rmVJAyyTBOBIYTWHGQzxCWKlSobwwuOb3adeHrBANddTs4IH5HDkWsbNFjGtx8LlGRPHN2/UoU/f6iA1QlaIow==
  dependencies:
    asn1.js "^4.9.0"
    tweetnacl "^0.14.1"
  optionalDependencies:
    ed25519 "0.0.4"

fsevents@~2.3.2, fsevents@~2.3.3:
  version "2.3.3"
  resolved "https://registry.npmjs.org/fsevents/-/fsevents-2.3.3.tgz"
  integrity sha512-5xoDfX+fL7faATnagmWPpbFtwh/R77WmMMqqHGS65C3vvB0YHrgF+B1YmZ3441tMj5n63k0212XNoJwzlhffQw==

hash-base@^3.0.0, hash-base@~3.0, hash-base@~3.0.4:
  version "3.0.5"
  resolved "https://registry.npmjs.org/hash-base/-/hash-base-3.0.5.tgz"
  integrity sha512-vXm0l45VbcHEVlTCzs8M+s0VeYsB2lnlAaThoLKGXr3bE/VWDOelNUnycUPEhKEaXARL2TEFjBOyUiM6+55KBg==
  dependencies:
    inherits "^2.0.4"
    safe-buffer "^5.2.1"

hash.js@^1.0.0, hash.js@^1.0.3:
  version "1.1.7"
  resolved "https://registry.npmjs.org/hash.js/-/hash.js-1.1.7.tgz"
  integrity sha512-taOaskGt4z4SOANNseOviYDvjEJinIkRgmp7LbKP2YTTmVxWBl87s/uzK9r+44BclBSp2X7K1hqeNfz9JbBeXA==
  dependencies:
    inherits "^2.0.3"
    minimalistic-assert "^1.0.1"

hmac-drbg@^1.0.1:
  version "1.0.1"
  resolved "https://registry.npmjs.org/hmac-drbg/-/hmac-drbg-1.0.1.tgz"
  integrity sha512-Tti3gMqLdZfhOQY1Mzf/AanLiqh1WTiJgEj26ZuYQ9fbkLomzGchCws4FyrSd4VkpBfiNhaE1On+lOz894jvXg==
  dependencies:
    hash.js "^1.0.3"
    minimalistic-assert "^1.0.0"
    minimalistic-crypto-utils "^1.0.1"

https-browserify@^1.0.0:
  version "1.0.0"
  resolved "https://registry.npmjs.org/https-browserify/-/https-browserify-1.0.0.tgz"
  integrity sha512-J+FkSdyD+0mA0N+81tMotaRMfSL9SGi+xpD3T6YApKsc3bGSXJlfXri3VyFOeYkfLRQisDk1W+jIFFKBeUBbBg==

inherits@^2.0.1, inherits@^2.0.3, inherits@^2.0.4, inherits@~2.0.3, inherits@~2.0.4:
  version "2.0.4"
  resolved "https://registry.npmjs.org/inherits/-/inherits-2.0.4.tgz"
  integrity sha512-k/vGaX4/Yla3WzyMCvTQOXYeIHvqOKtnqBduzTHpzpQZzAskKMhZ2K+EnBiSM9zGSoIFeMpXKxa4dYeZIQqewQ==

isarray@~1.0.0:
  version "1.0.0"
  resolved "https://registry.npmjs.org/isarray/-/isarray-1.0.0.tgz"
  integrity sha512-VLghIWNM6ELQzo7zwmcg0NmTVyWKYjvIeM83yjp0wRDTmUnrM678fQbcKBo6n2CJEF0szoG//ytg+TKla89ALQ==

leaflet@^1.9.4:
  version "1.9.4"
  resolved "https://registry.npmjs.org/leaflet/-/leaflet-1.9.4.tgz"
  integrity sha512-nxS1ynzJOmOlHp+iL3FyWqK89GtNL8U8rvlMOsQdTTssxZwCXh8N2NB3GDQOL+YR3XnWyZAxwQixURb+FA74PA==

magic-string@^0.30.3:
  version "0.30.17"
  resolved "https://registry.npmjs.org/magic-string/-/magic-string-0.30.17.tgz"
  integrity sha512-sNPKHvyjVf7gyjwS4xGTaW/mCnF8wnjtifKBEhxfZ7E/S8tQ0rssrwGNn6q8JH/ohItJfSQp9mBtQYuTlH5QnA==
  dependencies:
    "@jridgewell/sourcemap-codec" "^1.5.0"

md5.js@^1.3.4:
  version "1.3.5"
  resolved "https://registry.npmjs.org/md5.js/-/md5.js-1.3.5.tgz"
  integrity sha512-xitP+WxNPcTTOgnTJcrhM0xvdPepipPSf3I8EIpGKeFLjt3PlJLIDG3u8EX53ZIubkb+5U2+3rELYpEhHhzdkg==
  dependencies:
    hash-base "^3.0.0"
    inherits "^2.0.1"
    safe-buffer "^5.1.2"

miller-rabin@^4.0.0:
  version "4.0.1"
  resolved "https://registry.npmjs.org/miller-rabin/-/miller-rabin-4.0.1.tgz"
  integrity sha512-115fLhvZVqWwHPbClyntxEVfVDfl9DLLTuJvq3g2O/Oxi8AiNouAHvDSzHS0viUJc+V5vm3eq91Xwqn9dp4jRA==
  dependencies:
    bn.js "^4.0.0"
    brorand "^1.0.1"

minimalistic-assert@^1.0.0, minimalistic-assert@^1.0.1:
  version "1.0.1"
  resolved "https://registry.npmjs.org/minimalistic-assert/-/minimalistic-assert-1.0.1.tgz"
  integrity sha512-UtJcAD4yEaGtjPezWuO9wC4nwUnVH/8/Im3yEHQP4b67cXlD/Qr9hdITCU1xDbSEXg2XKNaP8jsReV7vQd00/A==

minimalistic-crypto-utils@^1.0.1:
  version "1.0.1"
  resolved "https://registry.npmjs.org/minimalistic-crypto-utils/-/minimalistic-crypto-utils-1.0.1.tgz"
  integrity sha512-JIYlbt6g8i5jKfJ3xz7rF0LXmv2TkDxBLUkiBeZ7bAx4GnnNMr8xFpGnOxn6GhTEHx3SjRrZEoU+j04prX1ktg==

nanoid@^3.3.8:
  version "3.3.9"
  resolved "https://registry.npmjs.org/nanoid/-/nanoid-3.3.9.tgz"
  integrity sha512-SppoicMGpZvbF1l3z4x7No3OlIjP7QJvC9XR7AhZr1kL133KHnKPztkKDc+Ir4aJ/1VhTySrtKhrsycmrMQfvg==

parse-asn1@^5.0.0, parse-asn1@^5.1.7:
  version "5.1.7"
  resolved "https://registry.npmjs.org/parse-asn1/-/parse-asn1-5.1.7.tgz"
  integrity sha512-CTM5kuWR3sx9IFamcl5ErfPl6ea/N8IYwiJ+vpeB2g+1iknv7zBl5uPwbMbRVznRVbrNY6lGuDoE5b30grmbqg==
  dependencies:
    asn1.js "^4.10.1"
    browserify-aes "^1.2.0"
    evp_bytestokey "^1.0.3"
    hash-base "~3.0"
    pbkdf2 "^3.1.2"
    safe-buffer "^5.2.1"

pbkdf2@^3.1.2:
  version "3.1.2"
  resolved "https://registry.npmjs.org/pbkdf2/-/pbkdf2-3.1.2.tgz"
  integrity sha512-iuh7L6jA7JEGu2WxDwtQP1ddOpaJNC4KlDEFfdQajSGgGPNi4OyDc2R7QnbY2bR9QjBVGwgvTdNJZoE7RaxUMA==
  dependencies:
    create-hash "^1.1.2"
    create-hmac "^1.1.4"
    ripemd160 "^2.0.1"
    safe-buffer "^5.0.1"
    sha.js "^2.4.8"

picocolors@^1.1.1:
  version "1.1.1"
  resolved "https://registry.npmjs.org/picocolors/-/picocolors-1.1.1.tgz"
  integrity sha512-xceH2snhtb5M9liqDsmEw56le376mTZkEX/jEb/RxNFyegNul7eNslCXP9FDj/Lcu0X8KEyMceP2ntpaHrDEVA==

picomatch@^4.0.2:
  version "4.0.2"
  resolved "https://registry.npmjs.org/picomatch/-/picomatch-4.0.2.tgz"
  integrity sha512-M7BAV6Rlcy5u+m6oPhAPFgJTzAioX/6B0DxyvDlo9l8+T3nLKbrczg2WLUyzd45L8RqfUMyGPzekbMvX2Ldkwg==

postcss@^8.5.3:
  version "8.5.3"
  resolved "https://registry.npmjs.org/postcss/-/postcss-8.5.3.tgz"
  integrity sha512-dle9A3yYxlBSrt8Fu+IpjGT8SY8hN0mlaA6GY8t0P5PjIOZemULz/E2Bnm/2dcUOena75OTNkHI76uZBNUUq3A==
  dependencies:
    nanoid "^3.3.8"
    picocolors "^1.1.1"
    source-map-js "^1.2.1"

process-nextick-args@~2.0.0:
  version "2.0.1"
  resolved "https://registry.npmjs.org/process-nextick-args/-/process-nextick-args-2.0.1.tgz"
  integrity sha512-3ouUOpQhtgrbOa17J7+uxOTpITYWaGP7/AhoR3+A+/1e9skrzelGi/dXzEYyvbxubEF6Wn2ypscTKiKJFFn1ag==

public-encrypt@^4.0.3:
  version "4.0.3"
  resolved "https://registry.npmjs.org/public-encrypt/-/public-encrypt-4.0.3.tgz"
  integrity sha512-zVpa8oKZSz5bTMTFClc1fQOnyyEzpl5ozpi1B5YcvBrdohMjH2rfsBtyXcuNuwjsDIXmBYlF2N5FlJYhR29t8Q==
  dependencies:
    bn.js "^4.1.0"
    browserify-rsa "^4.0.0"
    create-hash "^1.1.0"
    parse-asn1 "^5.0.0"
    randombytes "^2.0.1"
    safe-buffer "^5.1.2"

randombytes@^2.0.0, randombytes@^2.0.1, randombytes@^2.0.5, randombytes@^2.1.0:
  version "2.1.0"
  resolved "https://registry.npmjs.org/randombytes/-/randombytes-2.1.0.tgz"
  integrity sha512-vYl3iOX+4CKUWuxGi9Ukhie6fsqXqS9FE2Zaic4tNFD2N2QQaXOMFbuKK4QmDHC0JO6B1Zp41J0LpT0oR68amQ==
  dependencies:
    safe-buffer "^5.1.0"

randomfill@^1.0.4:
  version "1.0.4"
  resolved "https://registry.npmjs.org/randomfill/-/randomfill-1.0.4.tgz"
  integrity sha512-87lcbR8+MhcWcUiQ+9e+Rwx8MyR2P7qnt15ynUlbm3TU/fjbgz4GsvfSUDTemtCCtVCqb4ZcEFlyPNTh9bBTLw==
  dependencies:
    randombytes "^2.0.5"
    safe-buffer "^5.1.0"

readable-stream@^2.3.8:
  version "2.3.8"
  resolved "https://registry.npmjs.org/readable-stream/-/readable-stream-2.3.8.tgz"
  integrity sha512-8p0AUk4XODgIewSi0l8Epjs+EVnWiK7NoDIEGU0HhE7+ZyY8D1IMY7odu5lRrFXGg71L15KG8QrPmum45RTtdA==
  dependencies:
    core-util-is "~1.0.0"
    inherits "~2.0.3"
    isarray "~1.0.0"
    process-nextick-args "~2.0.0"
    safe-buffer "~5.1.1"
    string_decoder "~1.1.1"
    util-deprecate "~1.0.1"

readable-stream@^3.5.0:
  version "3.6.2"
  resolved "https://registry.npmjs.org/readable-stream/-/readable-stream-3.6.2.tgz"
  integrity sha512-9u/sniCrY3D5WdsERHzHE4G2YCXqoG5FTHUiCC4SIbr6XcLZBY05ya9EKjYek9O5xOAwjGq+1JdGBAS7Q9ScoA==
  dependencies:
    inherits "^2.0.3"
    string_decoder "^1.1.1"
    util-deprecate "^1.0.1"

readable-stream@^3.6.0:
  version "3.6.2"
  resolved "https://registry.npmjs.org/readable-stream/-/readable-stream-3.6.2.tgz"
  integrity sha512-9u/sniCrY3D5WdsERHzHE4G2YCXqoG5FTHUiCC4SIbr6XcLZBY05ya9EKjYek9O5xOAwjGq+1JdGBAS7Q9ScoA==
  dependencies:
    inherits "^2.0.3"
    string_decoder "^1.1.1"
    util-deprecate "^1.0.1"

ripemd160@^2.0.0, ripemd160@^2.0.1:
  version "2.0.2"
  resolved "https://registry.npmjs.org/ripemd160/-/ripemd160-2.0.2.tgz"
  integrity sha512-ii4iagi25WusVoiC4B4lq7pbXfAp3D9v5CwfkY33vffw2+pkDjY1D8GaN7spsxvCSx8dkPqOZCEZyfxcmJG2IA==
  dependencies:
    hash-base "^3.0.0"
    inherits "^2.0.1"

ripple-address-codec@^5.0.0:
  version "5.0.0"
  resolved "https://registry.npmjs.org/ripple-address-codec/-/ripple-address-codec-5.0.0.tgz"
  integrity sha512-de7osLRH/pt5HX2xw2TRJtbdLLWHu0RXirpQaEeCnWKY5DYHykh3ETSkofvm0aX0LJiV7kwkegJxQkmbO94gWw==
  dependencies:
    "@scure/base" "^1.1.3"
    "@xrplf/isomorphic" "^1.0.0"

ripple-binary-codec@^2.3.0:
  version "2.3.0"
  resolved "https://registry.npmjs.org/ripple-binary-codec/-/ripple-binary-codec-2.3.0.tgz"
  integrity sha512-CPMzkknXlgO9Ow5Qa5iqQm0vOIlJyN8M1bc8etyhLw2Xfrer6bPzLA8/apuKlGQ+XdznYSKPBz5LAhwYjaDAcA==
  dependencies:
    "@xrplf/isomorphic" "^1.0.1"
    bignumber.js "^9.0.0"
    ripple-address-codec "^5.0.0"

ripple-keypairs@^2.0.0:
  version "2.0.0"
  resolved "https://registry.npmjs.org/ripple-keypairs/-/ripple-keypairs-2.0.0.tgz"
  integrity sha512-b5rfL2EZiffmklqZk1W+dvSy97v3V/C7936WxCCgDynaGPp7GE6R2XO7EU9O2LlM/z95rj870IylYnOQs+1Rag==
  dependencies:
    "@noble/curves" "^1.0.0"
    "@xrplf/isomorphic" "^1.0.0"
    ripple-address-codec "^5.0.0"

rollup-plugin-polyfill-node@^0.12.0:
  version "0.12.0"
  resolved "https://registry.npmjs.org/rollup-plugin-polyfill-node/-/rollup-plugin-polyfill-node-0.12.0.tgz"
  integrity sha512-PWEVfDxLEKt8JX1nZ0NkUAgXpkZMTb85rO/Ru9AQ69wYW8VUCfDgP4CGRXXWYni5wDF0vIeR1UoF3Jmw/Lt3Ug==
  dependencies:
    "@rollup/plugin-inject" "^5.0.1"

"rollup@^1.20.0 || ^2.0.0 || ^3.0.0", rollup@^1.20.0||^2.0.0||^3.0.0||^4.0.0:
  version "3.29.5"
  resolved "https://registry.npmjs.org/rollup/-/rollup-3.29.5.tgz"
  integrity sha512-GVsDdsbJzzy4S/v3dqWPJ7EfvZJfCHiDqe80IyrF59LYuP+e6U1LJoUqeuqRbwAWoMNoXivMNeNAOf5E22VA1w==
  optionalDependencies:
    fsevents "~2.3.2"

rollup@^4.30.1:
  version "4.34.9"
  resolved "https://registry.npmjs.org/rollup/-/rollup-4.34.9.tgz"
  integrity sha512-nF5XYqWWp9hx/LrpC8sZvvvmq0TeTjQgaZHYmAgwysT9nh8sWnZhBnM8ZyVbbJFIQBLwHDNoMqsBZBbUo4U8sQ==
  dependencies:
    "@types/estree" "1.0.6"
  optionalDependencies:
    "@rollup/rollup-android-arm-eabi" "4.34.9"
    "@rollup/rollup-android-arm64" "4.34.9"
    "@rollup/rollup-darwin-arm64" "4.34.9"
    "@rollup/rollup-darwin-x64" "4.34.9"
    "@rollup/rollup-freebsd-arm64" "4.34.9"
    "@rollup/rollup-freebsd-x64" "4.34.9"
    "@rollup/rollup-linux-arm-gnueabihf" "4.34.9"
    "@rollup/rollup-linux-arm-musleabihf" "4.34.9"
    "@rollup/rollup-linux-arm64-gnu" "4.34.9"
    "@rollup/rollup-linux-arm64-musl" "4.34.9"
    "@rollup/rollup-linux-loongarch64-gnu" "4.34.9"
    "@rollup/rollup-linux-powerpc64le-gnu" "4.34.9"
    "@rollup/rollup-linux-riscv64-gnu" "4.34.9"
    "@rollup/rollup-linux-s390x-gnu" "4.34.9"
    "@rollup/rollup-linux-x64-gnu" "4.34.9"
    "@rollup/rollup-linux-x64-musl" "4.34.9"
    "@rollup/rollup-win32-arm64-msvc" "4.34.9"
    "@rollup/rollup-win32-ia32-msvc" "4.34.9"
    "@rollup/rollup-win32-x64-msvc" "4.34.9"
    fsevents "~2.3.2"

safe-buffer@^5.0.1, safe-buffer@^5.1.0, safe-buffer@^5.1.1, safe-buffer@^5.1.2, safe-buffer@^5.2.1:
  version "5.2.1"
  resolved "https://registry.npmjs.org/safe-buffer/-/safe-buffer-5.2.1.tgz"
  integrity sha512-rp3So07KcdmmKbGvgaNxQSJr7bGVSVk5S9Eq1F+ppbRo70+YeaDxkw5Dd8NPN+GD6bjnYm2VuPuCXmpuYvmCXQ==

safe-buffer@~5.1.0:
  version "5.1.2"
  resolved "https://registry.npmjs.org/safe-buffer/-/safe-buffer-5.1.2.tgz"
  integrity sha512-Gd2UZBJDkXlY7GbJxfsE8/nvKkUEU1G38c1siN6QP6a9PT9MmHB8GnpscSmMJSoF8LOIrt8ud/wPtojys4G6+g==

safe-buffer@~5.1.1:
  version "5.1.2"
  resolved "https://registry.npmjs.org/safe-buffer/-/safe-buffer-5.1.2.tgz"
  integrity sha512-Gd2UZBJDkXlY7GbJxfsE8/nvKkUEU1G38c1siN6QP6a9PT9MmHB8GnpscSmMJSoF8LOIrt8ud/wPtojys4G6+g==

sha.js@^2.4.0, sha.js@^2.4.8:
  version "2.4.11"
  resolved "https://registry.npmjs.org/sha.js/-/sha.js-2.4.11.tgz"
  integrity sha512-QMEp5B7cftE7APOjk5Y6xgrbWu+WkLVQwk8JNjZ8nKRciZaByEW6MubieAiToS7+dwvrjGhH8jRXz3MVd0AYqQ==
  dependencies:
    inherits "^2.0.1"
    safe-buffer "^5.0.1"

source-map-js@^1.2.1:
  version "1.2.1"
  resolved "https://registry.npmjs.org/source-map-js/-/source-map-js-1.2.1.tgz"
  integrity sha512-UXWMKhLOwVKb728IUtQPXxfYU+usdybtUrK/8uGE8CQMvrhOpwvzDBwj0QhSL7MQc7vIsISBG8VQ8+IDQxpfQA==

stream-browserify@^3.0.0:
  version "3.0.0"
  resolved "https://registry.npmjs.org/stream-browserify/-/stream-browserify-3.0.0.tgz"
  integrity sha512-H73RAHsVBapbim0tU2JwwOiXUj+fikfiaoYAKHF3VJfA0pe2BCzkhAHBlLG6REzE+2WNZcxOXjK7lkso+9euLA==
  dependencies:
    inherits "~2.0.4"
    readable-stream "^3.5.0"

stream-http@^3.2.0:
  version "3.2.0"
  resolved "https://registry.npmjs.org/stream-http/-/stream-http-3.2.0.tgz"
  integrity sha512-Oq1bLqisTyK3TSCXpPbT4sdeYNdmyZJv1LxpEm2vu1ZhK89kSE5YXwZc3cWk0MagGaKriBh9mCFbVGtO+vY29A==
  dependencies:
    builtin-status-codes "^3.0.0"
    inherits "^2.0.4"
    readable-stream "^3.6.0"
    xtend "^4.0.2"

string_decoder@^1.1.1, string_decoder@~1.1.1:
  version "1.1.1"
  resolved "https://registry.npmjs.org/string_decoder/-/string_decoder-1.1.1.tgz"
  integrity sha512-n/ShnvDi6FHbbVfviro+WojiFzv+s8MPMHBczVePfUpDJLwoLT0ht1l4YwBCbi8pJAveEEdnkHyPyTP/mzRfwg==
  dependencies:
    safe-buffer "~5.1.0"

tweetnacl@^0.14.1:
  version "0.14.5"
  resolved "https://registry.npmjs.org/tweetnacl/-/tweetnacl-0.14.5.tgz"
  integrity sha512-KXXFFdAbFXY4geFIwoyNK+f5Z1b7swfXABfL7HXCmoIWMKU3dmS26672A4EeQtDzLKy7SXmfBu51JolvEKwtGA==

util-deprecate@^1.0.1, util-deprecate@~1.0.1:
  version "1.0.2"
  resolved "https://registry.npmjs.org/util-deprecate/-/util-deprecate-1.0.2.tgz"
  integrity sha512-EPD5q1uXyFxJpCrLnCc1nHnq3gOa6DZBocAIiI2TaSCA7VCJ1UJDMagCzIkXNsUYfD1daK//LTEQ8xiIbrHtcw==

vite@^6.2.0:
  version "6.2.1"
  resolved "https://registry.npmjs.org/vite/-/vite-6.2.1.tgz"
  integrity sha512-n2GnqDb6XPhlt9B8olZPrgMD/es/Nd1RdChF6CBD/fHW6pUyUTt2sQW2fPRX5GiD9XEa6+8A6A4f2vT6pSsE7Q==
  dependencies:
    esbuild "^0.25.0"
    postcss "^8.5.3"
    rollup "^4.30.1"
  optionalDependencies:
    fsevents "~2.3.3"

ws@^8.13.0:
  version "8.18.1"
  resolved "https://registry.npmjs.org/ws/-/ws-8.18.1.tgz"
  integrity sha512-RKW2aJZMXeMxVpnZ6bck+RswznaxmzdULiBr6KY7XkTnW8uvt0iT9H5DkHUChXrc+uurzwa0rVI16n/Xzjdz1w==

xrpl@^4.0.0:
  version "4.2.0"
  resolved "https://registry.npmjs.org/xrpl/-/xrpl-4.2.0.tgz"
  integrity sha512-RR6lJhRyQHPoI/rZGuKBzUc45KSC3thpYVzn3ATu78GXDZ6vsyn8SXmNveMhAJ2AVRvpRiyyztbU2TmGRUp2Xg==
  dependencies:
    "@scure/bip32" "^1.3.1"
    "@scure/bip39" "^1.2.1"
    "@xrplf/isomorphic" "^1.0.1"
    "@xrplf/secret-numbers" "^1.0.0"
    bignumber.js "^9.0.0"
    eventemitter3 "^5.0.1"
    ripple-address-codec "^5.0.0"
    ripple-binary-codec "^2.3.0"
    ripple-keypairs "^2.0.0"

xtend@^4.0.2:
  version "4.0.2"
  resolved "https://registry.npmjs.org/xtend/-/xtend-4.0.2.tgz"
  integrity sha512-LKYU1iAXJXUgAXn9URjiu+MWhyUXHsvfp7mcuYm9dSUKK0/CjtrUwFAxD82/mCWbtLsGjFIad0wIsod4zrTAEQ==
